// !$*UTF8*$!
{
	archiveVersion = 1;
	classes = {
	};
	objectVersion = 56;
	objects = {

/* Begin PBXBuildFile section */
		FBCA472B2BE9E50C00B199D2 /* AppDelegate.swift in Sources */ = {isa = PBXBuildFile; fileRef = FBCA472A2BE9E50C00B199D2 /* AppDelegate.swift */; };
		FBCA472D2BE9E50C00B199D2 /* SceneDelegate.swift in Sources */ = {isa = PBXBuildFile; fileRef = FBCA472C2BE9E50C00B199D2 /* SceneDelegate.swift */; };
		FBCA472F2BE9E50C00B199D2 /* ViewController.swift in Sources */ = {isa = PBXBuildFile; fileRef = FBCA472E2BE9E50C00B199D2 /* ViewController.swift */; };
		FBCA47322BE9E50C00B199D2 /* Base in Resources */ = {isa = PBXBuildFile; fileRef = FBCA47312BE9E50C00B199D2 /* Base */; };
		FBCA47342BE9E50D00B199D2 /* Assets.xcassets in Resources */ = {isa = PBXBuildFile; fileRef = FBCA47332BE9E50D00B199D2 /* Assets.xcassets */; };
		FBCA47372BE9E50D00B199D2 /* Base in Resources */ = {isa = PBXBuildFile; fileRef = FBCA47362BE9E50D00B199D2 /* Base */; };
		FBCA473F2BE9E57C00B199D2 /* ContentView.swift in Sources */ = {isa = PBXBuildFile; fileRef = FBCA473E2BE9E57C00B199D2 /* ContentView.swift */; };
		FBCA47412BE9F0D800B199D2 /* HostingController.swift in Sources */ = {isa = PBXBuildFile; fileRef = FBCA47402BE9F0D800B199D2 /* HostingController.swift */; };
		FBCA47452BEA22AD00B199D2 /* ViewControllerRepresentable.swift in Sources */ = {isa = PBXBuildFile; fileRef = FBCA47442BEA22AD00B199D2 /* ViewControllerRepresentable.swift */; };
/* End PBXBuildFile section */

/* Begin PBXFileReference section */
		FBCA47272BE9E50C00B199D2 /* UIKitToSwiftUIScreenTransition.app */ = {isa = PBXFileReference; explicitFileType = wrapper.application; includeInIndex = 0; path = UIKitToSwiftUIScreenTransition.app; sourceTree = BUILT_PRODUCTS_DIR; };
		FBCA472A2BE9E50C00B199D2 /* AppDelegate.swift */ = {isa = PBXFileReference; lastKnownFileType = sourcecode.swift; path = AppDelegate.swift; sourceTree = "<group>"; };
		FBCA472C2BE9E50C00B199D2 /* SceneDelegate.swift */ = {isa = PBXFileReference; lastKnownFileType = sourcecode.swift; path = SceneDelegate.swift; sourceTree = "<group>"; };
		FBCA472E2BE9E50C00B199D2 /* ViewController.swift */ = {isa = PBXFileReference; lastKnownFileType = sourcecode.swift; path = ViewController.swift; sourceTree = "<group>"; };
		FBCA47312BE9E50C00B199D2 /* Base */ = {isa = PBXFileReference; lastKnownFileType = file.storyboard; name = Base; path = Base.lproj/Main.storyboard; sourceTree = "<group>"; };
		FBCA47332BE9E50D00B199D2 /* Assets.xcassets */ = {isa = PBXFileReference; lastKnownFileType = folder.assetcatalog; path = Assets.xcassets; sourceTree = "<group>"; };
		FBCA47362BE9E50D00B199D2 /* Base */ = {isa = PBXFileReference; lastKnownFileType = file.storyboard; name = Base; path = Base.lproj/LaunchScreen.storyboard; sourceTree = "<group>"; };
		FBCA47382BE9E50D00B199D2 /* Info.plist */ = {isa = PBXFileReference; lastKnownFileType = text.plist.xml; path = Info.plist; sourceTree = "<group>"; };
		FBCA473E2BE9E57C00B199D2 /* ContentView.swift */ = {isa = PBXFileReference; lastKnownFileType = sourcecode.swift; path = ContentView.swift; sourceTree = "<group>"; };
		FBCA47402BE9F0D800B199D2 /* HostingController.swift */ = {isa = PBXFileReference; lastKnownFileType = sourcecode.swift; path = HostingController.swift; sourceTree = "<group>"; };
		FBCA47442BEA22AD00B199D2 /* ViewControllerRepresentable.swift */ = {isa = PBXFileReference; lastKnownFileType = sourcecode.swift; path = ViewControllerRepresentable.swift; sourceTree = "<group>"; };
/* End PBXFileReference section */

/* Begin PBXFrameworksBuildPhase section */
		FBCA47242BE9E50C00B199D2 /* Frameworks */ = {
			isa = PBXFrameworksBuildPhase;
			buildActionMask = 2147483647;
			files = (
			);
			runOnlyForDeploymentPostprocessing = 0;
		};
/* End PBXFrameworksBuildPhase section */

/* Begin PBXGroup section */
		FBCA471E2BE9E50C00B199D2 = {
			isa = PBXGroup;
			children = (
				FBCA47292BE9E50C00B199D2 /* UIKitToSwiftUIScreenTransition */,
				FBCA47282BE9E50C00B199D2 /* Products */,
			);
			sourceTree = "<group>";
		};
		FBCA47282BE9E50C00B199D2 /* Products */ = {
			isa = PBXGroup;
			children = (
				FBCA47272BE9E50C00B199D2 /* UIKitToSwiftUIScreenTransition.app */,
			);
			name = Products;
			sourceTree = "<group>";
		};
		FBCA47292BE9E50C00B199D2 /* UIKitToSwiftUIScreenTransition */ = {
			isa = PBXGroup;
			children = (
				FBCA472A2BE9E50C00B199D2 /* AppDelegate.swift */,
				FBCA473E2BE9E57C00B199D2 /* ContentView.swift */,
				FBCA47442BEA22AD00B199D2 /* ViewControllerRepresentable.swift */,
				FBCA47402BE9F0D800B199D2 /* HostingController.swift */,
				FBCA472C2BE9E50C00B199D2 /* SceneDelegate.swift */,
				FBCA472E2BE9E50C00B199D2 /* ViewController.swift */,
				FBCA47302BE9E50C00B199D2 /* Main.storyboard */,
				FBCA47332BE9E50D00B199D2 /* Assets.xcassets */,
				FBCA47352BE9E50D00B199D2 /* LaunchScreen.storyboard */,
				FBCA47382BE9E50D00B199D2 /* Info.plist */,
			);
			path = UIKitToSwiftUIScreenTransition;
			sourceTree = "<group>";
		};
/* End PBXGroup section */

/* Begin PBXNativeTarget section */
		FBCA47262BE9E50C00B199D2 /* UIKitToSwiftUIScreenTransition */ = {
			isa = PBXNativeTarget;
			buildConfigurationList = FBCA473B2BE9E50D00B199D2 /* Build configuration list for PBXNativeTarget "UIKitToSwiftUIScreenTransition" */;
			buildPhases = (
				FBCA47232BE9E50C00B199D2 /* Sources */,
				FBCA47242BE9E50C00B199D2 /* Frameworks */,
				FBCA47252BE9E50C00B199D2 /* Resources */,
			);
			buildRules = (
			);
			dependencies = (
			);
			name = UIKitToSwiftUIScreenTransition;
			productName = UIKitToSwiftUIScreenTransition;
			productReference = FBCA47272BE9E50C00B199D2 /* UIKitToSwiftUIScreenTransition.app */;
			productType = "com.apple.product-type.application";
		};
/* End PBXNativeTarget section */

/* Begin PBXProject section */
		FBCA471F2BE9E50C00B199D2 /* Project object */ = {
			isa = PBXProject;
			attributes = {
				BuildIndependentTargetsInParallel = 1;
				LastSwiftUpdateCheck = 1530;
				LastUpgradeCheck = 1530;
				TargetAttributes = {
					FBCA47262BE9E50C00B199D2 = {
						CreatedOnToolsVersion = 15.3;
					};
				};
			};
			buildConfigurationList = FBCA47222BE9E50C00B199D2 /* Build configuration list for PBXProject "UIKitToSwiftUIScreenTransition" */;
			compatibilityVersion = "Xcode 14.0";
			developmentRegion = en;
			hasScannedForEncodings = 0;
			knownRegions = (
				en,
				Base,
			);
			mainGroup = FBCA471E2BE9E50C00B199D2;
			productRefGroup = FBCA47282BE9E50C00B199D2 /* Products */;
			projectDirPath = "";
			projectRoot = "";
			targets = (
				FBCA47262BE9E50C00B199D2 /* UIKitToSwiftUIScreenTransition */,
			);
		};
/* End PBXProject section */

/* Begin PBXResourcesBuildPhase section */
		FBCA47252BE9E50C00B199D2 /* Resources */ = {
			isa = PBXResourcesBuildPhase;
			buildActionMask = 2147483647;
			files = (
				FBCA47342BE9E50D00B199D2 /* Assets.xcassets in Resources */,
				FBCA47372BE9E50D00B199D2 /* Base in Resources */,
				FBCA47322BE9E50C00B199D2 /* Base in Resources */,
			);
			runOnlyForDeploymentPostprocessing = 0;
		};
/* End PBXResourcesBuildPhase section */

/* Begin PBXSourcesBuildPhase section */
		FBCA47232BE9E50C00B199D2 /* Sources */ = {
			isa = PBXSourcesBuildPhase;
			buildActionMask = 2147483647;
			files = (
				FBCA47412BE9F0D800B199D2 /* HostingController.swift in Sources */,
				FBCA472F2BE9E50C00B199D2 /* ViewController.swift in Sources */,
				FBCA472B2BE9E50C00B199D2 /* AppDelegate.swift in Sources */,
				FBCA47452BEA22AD00B199D2 /* ViewControllerRepresentable.swift in Sources */,
				FBCA473F2BE9E57C00B199D2 /* ContentView.swift in Sources */,
				FBCA472D2BE9E50C00B199D2 /* SceneDelegate.swift in Sources */,
			);
			runOnlyForDeploymentPostprocessing = 0;
		};
/* End PBXSourcesBuildPhase section */

/* Begin PBXVariantGroup section */
		FBCA47302BE9E50C00B199D2 /* Main.storyboard */ = {
			isa = PBXVariantGroup;
			children = (
				FBCA47312BE9E50C00B199D2 /* Base */,
			);
			name = Main.storyboard;
			sourceTree = "<group>";
		};
		FBCA47352BE9E50D00B199D2 /* LaunchScreen.storyboard */ = {
			isa = PBXVariantGroup;
			children = (
				FBCA47362BE9E50D00B199D2 /* Base */,
			);
			name = LaunchScreen.storyboard;
			sourceTree = "<group>";
		};
/* End PBXVariantGroup section */

/* Begin XCBuildConfiguration section */
		FBCA47392BE9E50D00B199D2 /* Debug */ = {
			isa = XCBuildConfiguration;
			buildSettings = {
				ALWAYS_SEARCH_USER_PATHS = NO;
				ASSETCATALOG_COMPILER_GENERATE_SWIFT_ASSET_SYMBOL_EXTENSIONS = YES;
				CLANG_ANALYZER_NONNULL = YES;
				CLANG_ANALYZER_NUMBER_OBJECT_CONVERSION = YES_AGGRESSIVE;
				CLANG_CXX_LANGUAGE_STANDARD = "gnu++20";
				CLANG_ENABLE_MODULES = YES;
				CLANG_ENABLE_OBJC_ARC = YES;
				CLANG_ENABLE_OBJC_WEAK = YES;
				CLANG_WARN_BLOCK_CAPTURE_AUTORELEASING = YES;
				CLANG_WARN_BOOL_CONVERSION = YES;
				CLANG_WARN_COMMA = YES;
				CLANG_WARN_CONSTANT_CONVERSION = YES;
				CLANG_WARN_DEPRECATED_OBJC_IMPLEMENTATIONS = YES;
				CLANG_WARN_DIRECT_OBJC_ISA_USAGE = YES_ERROR;
				CLANG_WARN_DOCUMENTATION_COMMENTS = YES;
				CLANG_WARN_EMPTY_BODY = YES;
				CLANG_WARN_ENUM_CONVERSION = YES;
				CLANG_WARN_INFINITE_RECURSION = YES;
				CLANG_WARN_INT_CONVERSION = YES;
				CLANG_WARN_NON_LITERAL_NULL_CONVERSION = YES;
				CLANG_WARN_OBJC_IMPLICIT_RETAIN_SELF = YES;
				CLANG_WARN_OBJC_LITERAL_CONVERSION = YES;
				CLANG_WARN_OBJC_ROOT_CLASS = YES_ERROR;
				CLANG_WARN_QUOTED_INCLUDE_IN_FRAMEWORK_HEADER = YES;
				CLANG_WARN_RANGE_LOOP_ANALYSIS = YES;
				CLANG_WARN_STRICT_PROTOTYPES = YES;
				CLANG_WARN_SUSPICIOUS_MOVE = YES;
				CLANG_WARN_UNGUARDED_AVAILABILITY = YES_AGGRESSIVE;
				CLANG_WARN_UNREACHABLE_CODE = YES;
				CLANG_WARN__DUPLICATE_METHOD_MATCH = YES;
				COPY_PHASE_STRIP = NO;
				DEBUG_INFORMATION_FORMAT = dwarf;
				ENABLE_STRICT_OBJC_MSGSEND = YES;
				ENABLE_TESTABILITY = YES;
				ENABLE_USER_SCRIPT_SANDBOXING = YES;
				GCC_C_LANGUAGE_STANDARD = gnu17;
				GCC_DYNAMIC_NO_PIC = NO;
				GCC_NO_COMMON_BLOCKS = YES;
				GCC_OPTIMIZATION_LEVEL = 0;
				GCC_PREPROCESSOR_DEFINITIONS = (
					"DEBUG=1",
					"$(inherited)",
				);
				GCC_WARN_64_TO_32_BIT_CONVERSION = YES;
				GCC_WARN_ABOUT_RETURN_TYPE = YES_ERROR;
				GCC_WARN_UNDECLARED_SELECTOR = YES;
				GCC_WARN_UNINITIALIZED_AUTOS = YES_AGGRESSIVE;
				GCC_WARN_UNUSED_FUNCTION = YES;
				GCC_WARN_UNUSED_VARIABLE = YES;
				IPHONEOS_DEPLOYMENT_TARGET = 17.4;
				LOCALIZATION_PREFERS_STRING_CATALOGS = YES;
				MTL_ENABLE_DEBUG_INFO = INCLUDE_SOURCE;
				MTL_FAST_MATH = YES;
				ONLY_ACTIVE_ARCH = YES;
				SDKROOT = iphoneos;
				SWIFT_ACTIVE_COMPILATION_CONDITIONS = "DEBUG $(inherited)";
				SWIFT_OPTIMIZATION_LEVEL = "-Onone";
			};
			name = Debug;
		};
		FBCA473A2BE9E50D00B199D2 /* Release */ = {
			isa = XCBuildConfiguration;
			buildSettings = {
				ALWAYS_SEARCH_USER_PATHS = NO;
				ASSETCATALOG_COMPILER_GENERATE_SWIFT_ASSET_SYMBOL_EXTENSIONS = YES;
				CLANG_ANALYZER_NONNULL = YES;
				CLANG_ANALYZER_NUMBER_OBJECT_CONVERSION = YES_AGGRESSIVE;
				CLANG_CXX_LANGUAGE_STANDARD = "gnu++20";
				CLANG_ENABLE_MODULES = YES;
				CLANG_ENABLE_OBJC_ARC = YES;
				CLANG_ENABLE_OBJC_WEAK = YES;
				CLANG_WARN_BLOCK_CAPTURE_AUTORELEASING = YES;
				CLANG_WARN_BOOL_CONVERSION = YES;
				CLANG_WARN_COMMA = YES;
				CLANG_WARN_CONSTANT_CONVERSION = YES;
				CLANG_WARN_DEPRECATED_OBJC_IMPLEMENTATIONS = YES;
				CLANG_WARN_DIRECT_OBJC_ISA_USAGE = YES_ERROR;
				CLANG_WARN_DOCUMENTATION_COMMENTS = YES;
				CLANG_WARN_EMPTY_BODY = YES;
				CLANG_WARN_ENUM_CONVERSION = YES;
				CLANG_WARN_INFINITE_RECURSION = YES;
				CLANG_WARN_INT_CONVERSION = YES;
				CLANG_WARN_NON_LITERAL_NULL_CONVERSION = YES;
				CLANG_WARN_OBJC_IMPLICIT_RETAIN_SELF = YES;
				CLANG_WARN_OBJC_LITERAL_CONVERSION = YES;
				CLANG_WARN_OBJC_ROOT_CLASS = YES_ERROR;
				CLANG_WARN_QUOTED_INCLUDE_IN_FRAMEWORK_HEADER = YES;
				CLANG_WARN_RANGE_LOOP_ANALYSIS = YES;
				CLANG_WARN_STRICT_PROTOTYPES = YES;
				CLANG_WARN_SUSPICIOUS_MOVE = YES;
				CLANG_WARN_UNGUARDED_AVAILABILITY = YES_AGGRESSIVE;
				CLANG_WARN_UNREACHABLE_CODE = YES;
				CLANG_WARN__DUPLICATE_METHOD_MATCH = YES;
				COPY_PHASE_STRIP = NO;
				DEBUG_INFORMATION_FORMAT = "dwarf-with-dsym";
				ENABLE_NS_ASSERTIONS = NO;
				ENABLE_STRICT_OBJC_MSGSEND = YES;
				ENABLE_USER_SCRIPT_SANDBOXING = YES;
				GCC_C_LANGUAGE_STANDARD = gnu17;
				GCC_NO_COMMON_BLOCKS = YES;
				GCC_WARN_64_TO_32_BIT_CONVERSION = YES;
				GCC_WARN_ABOUT_RETURN_TYPE = YES_ERROR;
				GCC_WARN_UNDECLARED_SELECTOR = YES;
				GCC_WARN_UNINITIALIZED_AUTOS = YES_AGGRESSIVE;
				GCC_WARN_UNUSED_FUNCTION = YES;
				GCC_WARN_UNUSED_VARIABLE = YES;
				IPHONEOS_DEPLOYMENT_TARGET = 17.4;
				LOCALIZATION_PREFERS_STRING_CATALOGS = YES;
				MTL_ENABLE_DEBUG_INFO = NO;
				MTL_FAST_MATH = YES;
				SDKROOT = iphoneos;
				SWIFT_COMPILATION_MODE = wholemodule;
				VALIDATE_PRODUCT = YES;
			};
			name = Release;
		};
		FBCA473C2BE9E50D00B199D2 /* Debug */ = {
			isa = XCBuildConfiguration;
			buildSettings = {
				ASSETCATALOG_COMPILER_APPICON_NAME = AppIcon;
				ASSETCATALOG_COMPILER_GLOBAL_ACCENT_COLOR_NAME = AccentColor;
				CODE_SIGN_STYLE = Automatic;
				CURRENT_PROJECT_VERSION = 1;
				DEVELOPMENT_TEAM = N28L9FHHL4;
				GENERATE_INFOPLIST_FILE = YES;
				INFOPLIST_FILE = UIKitToSwiftUIScreenTransition/Info.plist;
				INFOPLIST_KEY_UIApplicationSupportsIndirectInputEvents = YES;
				INFOPLIST_KEY_UILaunchStoryboardName = LaunchScreen;
				INFOPLIST_KEY_UIMainStoryboardFile = Main;
				INFOPLIST_KEY_UISupportedInterfaceOrientations_iPad = "UIInterfaceOrientationPortrait UIInterfaceOrientationPortraitUpsideDown UIInterfaceOrientationLandscapeLeft UIInterfaceOrientationLandscapeRight";
				INFOPLIST_KEY_UISupportedInterfaceOrientations_iPhone = "UIInterfaceOrientationPortrait UIInterfaceOrientationLandscapeLeft UIInterfaceOrientationLandscapeRight";
				LD_RUNPATH_SEARCH_PATHS = (
					"$(inherited)",
					"@executable_path/Frameworks",
				);
				MARKETING_VERSION = 1.0;
				PRODUCT_BUNDLE_IDENTIFIER = com.hayate.dev.UIKitToSwiftUIScreenTransition;
				PRODUCT_NAME = "$(TARGET_NAME)";
				SWIFT_EMIT_LOC_STRINGS = YES;
				SWIFT_VERSION = 5.0;
				TARGETED_DEVICE_FAMILY = "1,2";
			};
			name = Debug;
		};
		FBCA473D2BE9E50D00B199D2 /* Release */ = {
			isa = XCBuildConfiguration;
			buildSettings = {
				ASSETCATALOG_COMPILER_APPICON_NAME = AppIcon;
				ASSETCATALOG_COMPILER_GLOBAL_ACCENT_COLOR_NAME = AccentColor;
				CODE_SIGN_STYLE = Automatic;
				CURRENT_PROJECT_VERSION = 1;
				DEVELOPMENT_TEAM = N28L9FHHL4;
				GENERATE_INFOPLIST_FILE = YES;
				INFOPLIST_FILE = UIKitToSwiftUIScreenTransition/Info.plist;
				INFOPLIST_KEY_UIApplicationSupportsIndirectInputEvents = YES;
				INFOPLIST_KEY_UILaunchStoryboardName = LaunchScreen;
				INFOPLIST_KEY_UIMainStoryboardFile = Main;
				INFOPLIST_KEY_UISupportedInterfaceOrientations_iPad = "UIInterfaceOrientationPortrait UIInterfaceOrientationPortraitUpsideDown UIInterfaceOrientationLandscapeLeft UIInterfaceOrientationLandscapeRight";
				INFOPLIST_KEY_UISupportedInterfaceOrientations_iPhone = "UIInterfaceOrientationPortrait UIInterfaceOrientationLandscapeLeft UIInterfaceOrientationLandscapeRight";
				LD_RUNPATH_SEARCH_PATHS = (
					"$(inherited)",
					"@executable_path/Frameworks",
				);
				MARKETING_VERSION = 1.0;
				PRODUCT_BUNDLE_IDENTIFIER = com.hayate.dev.UIKitToSwiftUIScreenTransition;
				PRODUCT_NAME = "$(TARGET_NAME)";
				SWIFT_EMIT_LOC_STRINGS = YES;
				SWIFT_VERSION = 5.0;
				TARGETED_DEVICE_FAMILY = "1,2";
			};
			name = Release;
		};
/* End XCBuildConfiguration section */

/* Begin XCConfigurationList section */
		FBCA47222BE9E50C00B199D2 /* Build configuration list for PBXProject "UIKitToSwiftUIScreenTransition" */ = {
			isa = XCConfigurationList;
			buildConfigurations = (
				FBCA47392BE9E50D00B199D2 /* Debug */,
				FBCA473A2BE9E50D00B199D2 /* Release */,
			);
			defaultConfigurationIsVisible = 0;
			defaultConfigurationName = Release;
		};
		FBCA473B2BE9E50D00B199D2 /* Build configuration list for PBXNativeTarget "UIKitToSwiftUIScreenTransition" */ = {
			isa = XCConfigurationList;
			buildConfigurations = (
				FBCA473C2BE9E50D00B199D2 /* Debug */,
				FBCA473D2BE9E50D00B199D2 /* Release */,
			);
			defaultConfigurationIsVisible = 0;
			defaultConfigurationName = Release;
		};
/* End XCConfigurationList section */
	};
	rootObject = FBCA471F2BE9E50C00B199D2 /* Project object */;
}
